
Microsoft Visual Studio Solution File, Format Version 12.00
# Visual Studio Version 17
VisualStudioVersion = 17.3.32922.545
MinimumVisualStudioVersion = 10.0.40219.1
Project("{8BC9CEB8-8B4A-11D0-8D11-00A0C91BC942}") = "ParticleSystem", "ParticleSystem\ParticleSystem.vcxproj", "{19FC64E5-4DAD-4F89-9984-2A063BF2471D}"
EndProject
Global
	GlobalSection(SolutionConfigurationPlatforms) = preSolution
		Debug|x64 = Debug|x64
		Release|x64 = Release|x64
	EndGlobalSection
	GlobalSection(ProjectConfigurationPlatforms) = postSolution
		{19FC64E5-4DAD-4F89-9984-2A063BF2471D}.Debug|x64.ActiveCfg = Debug|x64
		{19FC64E5-4DAD-4F89-9984-2A063BF2471D}.Debug|x64.Build.0 = Debug|x64
		{19FC64E5-4DAD-4F89-9984-2A063BF2471D}.Release|x64.ActiveCfg = Release|x64
		{19FC64E5-4DAD-4F89-9984-2A063BF2471D}.Release|x64.Build.0 = Release|x64
	EndGlobalSection
	GlobalSection(SolutionProperties) = preSolution
		HideSolutionNode = FALSE
	EndGlobalSection
	GlobalSection(ExtensibilityGlobals) = postSolution
		SolutionGuid = {0D766462-23DA-4338-8F2D-66916023AD8C}
	EndGlobalSection
EndGlobal
